
Microsoft Visual Studio Solution File, Format Version 12.00
# Visual Studio Version 16
VisualStudioVersion = 16.0.30907.101
MinimumVisualStudioVersion = 10.0.40219.1
Project("{FAE04EC0-301F-11D3-BF4B-00C04F79EFBC}") = "WPFDevelopers.Charts", "WPFDevelopers.Charts\WPFDevelopers.Charts.csproj", "{7C7880FA-E422-4E31-AB95-B33DB95C12D7}"
EndProject
Project("{FAE04EC0-301F-11D3-BF4B-00C04F79EFBC}") = "WPFDevelopers.Charts.Samples", "WPFDevelopers.Charts.Samples\WPFDevelopers.Charts.Samples.csproj", "{3B61FFA3-071A-48E2-841D-0129C88ADFCD}"
EndProject
Global
	GlobalSection(SolutionConfigurationPlatforms) = preSolution
		Debug|Any CPU = Debug|Any CPU
		Release|Any CPU = Release|Any CPU
	EndGlobalSection
	GlobalSection(ProjectConfigurationPlatforms) = postSolution
		{7C7880FA-E422-4E31-AB95-B33DB95C12D7}.Debug|Any CPU.ActiveCfg = Debug|Any CPU
		{7C7880FA-E422-4E31-AB95-B33DB95C12D7}.Debug|Any CPU.Build.0 = Debug|Any CPU
		{7C7880FA-E422-4E31-AB95-B33DB95C12D7}.Release|Any CPU.ActiveCfg = Release|Any CPU
		{7C7880FA-E422-4E31-AB95-B33DB95C12D7}.Release|Any CPU.Build.0 = Release|Any CPU
		{3B61FFA3-071A-48E2-841D-0129C88ADFCD}.Debug|Any CPU.ActiveCfg = Debug|Any CPU
		{3B61FFA3-071A-48E2-841D-0129C88ADFCD}.Debug|Any CPU.Build.0 = Debug|Any CPU
		{3B61FFA3-071A-48E2-841D-0129C88ADFCD}.Release|Any CPU.ActiveCfg = Release|Any CPU
		{3B61FFA3-071A-48E2-841D-0129C88ADFCD}.Release|Any CPU.Build.0 = Release|Any CPU
	EndGlobalSection
	GlobalSection(SolutionProperties) = preSolution
		HideSolutionNode = FALSE
	EndGlobalSection
	GlobalSection(ExtensibilityGlobals) = postSolution
		SolutionGuid = {DE5B5AB8-6638-4F67-9C38-64990D6B1BBB}
	EndGlobalSection
EndGlobal
